
Microsoft Visual Studio Solution File, Format Version 12.00
# Visual Studio Version 17
VisualStudioVersion = 17.10.35027.167
MinimumVisualStudioVersion = 10.0.40219.1
Project("{FAE04EC0-301F-11D3-BF4B-00C04F79EFBC}") = "IdentityApp", "IdentityApp\IdentityApp.csproj", "{025A8595-C33E-4274-8E13-1C0279425540}"
EndProject
Global
	GlobalSection(SolutionConfigurationPlatforms) = preSolution
		Debug|Any CPU = Debug|Any CPU
		Release|Any CPU = Release|Any CPU
	EndGlobalSection
	GlobalSection(ProjectConfigurationPlatforms) = postSolution
		{025A8595-C33E-4274-8E13-1C0279425540}.Debug|Any CPU.ActiveCfg = Debug|Any CPU
		{025A8595-C33E-4274-8E13-1C0279425540}.Debug|Any CPU.Build.0 = Debug|Any CPU
		{025A8595-C33E-4274-8E13-1C0279425540}.Release|Any CPU.ActiveCfg = Release|Any CPU
		{025A8595-C33E-4274-8E13-1C0279425540}.Release|Any CPU.Build.0 = Release|Any CPU
	EndGlobalSection
	GlobalSection(SolutionProperties) = preSolution
		HideSolutionNode = FALSE
	EndGlobalSection
	GlobalSection(ExtensibilityGlobals) = postSolution
		SolutionGuid = {B1A4D9A1-4AA0-4F7D-AB08-992E8BA7D62D}
	EndGlobalSection
EndGlobal
